// !$*UTF8*$!
{
	archiveVersion = 1;
	classes = {
	};
	objectVersion = 50;
	objects = {

/* Begin PBXBuildFile section */
		3A36BCE72435D78800293F82 /* AppDelegate.swift in Sources */ = {isa = PBXBuildFile; fileRef = 3A36BCE62435D78800293F82 /* AppDelegate.swift */; };
		3A36BCE92435D78800293F82 /* SceneDelegate.swift in Sources */ = {isa = PBXBuildFile; fileRef = 3A36BCE82435D78800293F82 /* SceneDelegate.swift */; };
		3A36BCF02435D78E00293F82 /* Assets.xcassets in Resources */ = {isa = PBXBuildFile; fileRef = 3A36BCEF2435D78E00293F82 /* Assets.xcassets */; };
		3A36BCF32435D78E00293F82 /* LaunchScreen.storyboard in Resources */ = {isa = PBXBuildFile; fileRef = 3A36BCF12435D78E00293F82 /* LaunchScreen.storyboard */; };
		3A36BCFB2435DE8700293F82 /* SearchVC.swift in Sources */ = {isa = PBXBuildFile; fileRef = 3A36BCFA2435DE8700293F82 /* SearchVC.swift */; };
		3A36BCFD2435DEC200293F82 /* FavoritesListVC.swift in Sources */ = {isa = PBXBuildFile; fileRef = 3A36BCFC2435DEC200293F82 /* FavoritesListVC.swift */; };
		3A36BCFF2435E7C400293F82 /* GFButton.swift in Sources */ = {isa = PBXBuildFile; fileRef = 3A36BCFE2435E7C400293F82 /* GFButton.swift */; };
		3A36BD012435EAB000293F82 /* GFTextField.swift in Sources */ = {isa = PBXBuildFile; fileRef = 3A36BD002435EAB000293F82 /* GFTextField.swift */; };
		3A36BD032435F8C600293F82 /* FollowerListVC.swift in Sources */ = {isa = PBXBuildFile; fileRef = 3A36BD022435F8C600293F82 /* FollowerListVC.swift */; };
		3A36BD052436009700293F82 /* GFTitleLabel.swift in Sources */ = {isa = PBXBuildFile; fileRef = 3A36BD042436009700293F82 /* GFTitleLabel.swift */; };
		3A36BD072436039E00293F82 /* GFBodyLabel.swift in Sources */ = {isa = PBXBuildFile; fileRef = 3A36BD062436039E00293F82 /* GFBodyLabel.swift */; };
		3A36BD092436048900293F82 /* GFAlertVC.swift in Sources */ = {isa = PBXBuildFile; fileRef = 3A36BD082436048900293F82 /* GFAlertVC.swift */; };
		3A36BD0B2436121D00293F82 /* UIViewController+Ext.swift in Sources */ = {isa = PBXBuildFile; fileRef = 3A36BD0A2436121D00293F82 /* UIViewController+Ext.swift */; };
		3A3DC4EA2438D92F0082577D /* FollowerCell.swift in Sources */ = {isa = PBXBuildFile; fileRef = 3A3DC4E92438D92F0082577D /* FollowerCell.swift */; };
		3A3DC4EC2438D9DB0082577D /* GFAvatarImageView.swift in Sources */ = {isa = PBXBuildFile; fileRef = 3A3DC4EB2438D9DB0082577D /* GFAvatarImageView.swift */; };
		3A3DC4EE2438F9D30082577D /* UIHelper.swift in Sources */ = {isa = PBXBuildFile; fileRef = 3A3DC4ED2438F9D30082577D /* UIHelper.swift */; };
		3A3FA30E2437665C00299EE4 /* Follower.swift in Sources */ = {isa = PBXBuildFile; fileRef = 3A3FA30D2437665C00299EE4 /* Follower.swift */; };
		3A3FA3102437676300299EE4 /* User.swift in Sources */ = {isa = PBXBuildFile; fileRef = 3A3FA30F2437676300299EE4 /* User.swift */; };
		3A3FA31324376E3800299EE4 /* NetworkManager.swift in Sources */ = {isa = PBXBuildFile; fileRef = 3A3FA31224376E3800299EE4 /* NetworkManager.swift */; };
		3A3FA31724377C0600299EE4 /* GFError.swift in Sources */ = {isa = PBXBuildFile; fileRef = 3A3FA31624377C0600299EE4 /* GFError.swift */; };
		3A71EFBE2444941900A74318 /* GFAlertContainerView.swift in Sources */ = {isa = PBXBuildFile; fileRef = 3A71EFBD2444941900A74318 /* GFAlertContainerView.swift */; };
		3A71EFC02444A1F000A74318 /* GFDataLoadingVC.swift in Sources */ = {isa = PBXBuildFile; fileRef = 3A71EFBF2444A1F000A74318 /* GFDataLoadingVC.swift */; };
		3A71EFC22444ACF300A74318 /* UIView+Ext.swift in Sources */ = {isa = PBXBuildFile; fileRef = 3A71EFC12444ACF300A74318 /* UIView+Ext.swift */; };
		3A71EFC42444BD0600A74318 /* UITableView+Ext.swift in Sources */ = {isa = PBXBuildFile; fileRef = 3A71EFC32444BD0600A74318 /* UITableView+Ext.swift */; };
		3AB1F7852442F4EA00D14A66 /* GFTabBarController.swift in Sources */ = {isa = PBXBuildFile; fileRef = 3AB1F7842442F4EA00D14A66 /* GFTabBarController.swift */; };
		3AB4960924409EE500D08CA1 /* GFItemInfoVC.swift in Sources */ = {isa = PBXBuildFile; fileRef = 3AB4960824409EE500D08CA1 /* GFItemInfoVC.swift */; };
		3AB4960B2440A28400D08CA1 /* GFRepoItemVC.swift in Sources */ = {isa = PBXBuildFile; fileRef = 3AB4960A2440A28400D08CA1 /* GFRepoItemVC.swift */; };
		3AB4960D2440A78E00D08CA1 /* GFFollowerItemVC.swift in Sources */ = {isa = PBXBuildFile; fileRef = 3AB4960C2440A78E00D08CA1 /* GFFollowerItemVC.swift */; };
		3AB496102440AC0000D08CA1 /* Date+Ext.swift in Sources */ = {isa = PBXBuildFile; fileRef = 3AB4960F2440AC0000D08CA1 /* Date+Ext.swift */; };
		3AB4962D2441E8A400D08CA1 /* PersistenceManager.swift in Sources */ = {isa = PBXBuildFile; fileRef = 3AB4962C2441E8A400D08CA1 /* PersistenceManager.swift */; };
		3AB4962F2441F41C00D08CA1 /* FavoriteCell.swift in Sources */ = {isa = PBXBuildFile; fileRef = 3AB4962E2441F41C00D08CA1 /* FavoriteCell.swift */; };
		3AD2E3D0243A4435005DA15D /* GFEmptyStateView.swift in Sources */ = {isa = PBXBuildFile; fileRef = 3AD2E3CF243A4435005DA15D /* GFEmptyStateView.swift */; };
		3AD548C1243F362B0042683B /* UserInfoVC.swift in Sources */ = {isa = PBXBuildFile; fileRef = 3AD548C0243F362B0042683B /* UserInfoVC.swift */; };
		3AD548C3243F42910042683B /* GFUserInfoHeaderVC.swift in Sources */ = {isa = PBXBuildFile; fileRef = 3AD548C2243F42910042683B /* GFUserInfoHeaderVC.swift */; };
		3AD548C5243F43140042683B /* GFSecondaryTitleLabel.swift in Sources */ = {isa = PBXBuildFile; fileRef = 3AD548C4243F43140042683B /* GFSecondaryTitleLabel.swift */; };
		3AD548C7243F4E090042683B /* Constants.swift in Sources */ = {isa = PBXBuildFile; fileRef = 3AD548C6243F4E090042683B /* Constants.swift */; };
		3AD548C9243F6BE00042683B /* GFItemInfoView.swift in Sources */ = {isa = PBXBuildFile; fileRef = 3AD548C8243F6BE00042683B /* GFItemInfoView.swift */; };
/* End PBXBuildFile section */

/* Begin PBXFileReference section */
		3A36BCE32435D78800293F82 /* GHFollowers.app */ = {isa = PBXFileReference; explicitFileType = wrapper.application; includeInIndex = 0; path = GHFollowers.app; sourceTree = BUILT_PRODUCTS_DIR; };
		3A36BCE62435D78800293F82 /* AppDelegate.swift */ = {isa = PBXFileReference; lastKnownFileType = sourcecode.swift; path = AppDelegate.swift; sourceTree = "<group>"; };
		3A36BCE82435D78800293F82 /* SceneDelegate.swift */ = {isa = PBXFileReference; lastKnownFileType = sourcecode.swift; path = SceneDelegate.swift; sourceTree = "<group>"; };
		3A36BCEF2435D78E00293F82 /* Assets.xcassets */ = {isa = PBXFileReference; lastKnownFileType = folder.assetcatalog; path = Assets.xcassets; sourceTree = "<group>"; };
		3A36BCF22435D78E00293F82 /* Base */ = {isa = PBXFileReference; lastKnownFileType = file.storyboard; name = Base; path = Base.lproj/LaunchScreen.storyboard; sourceTree = "<group>"; };
		3A36BCF42435D78E00293F82 /* Info.plist */ = {isa = PBXFileReference; lastKnownFileType = text.plist.xml; path = Info.plist; sourceTree = "<group>"; };
		3A36BCFA2435DE8700293F82 /* SearchVC.swift */ = {isa = PBXFileReference; lastKnownFileType = sourcecode.swift; path = SearchVC.swift; sourceTree = "<group>"; };
		3A36BCFC2435DEC200293F82 /* FavoritesListVC.swift */ = {isa = PBXFileReference; lastKnownFileType = sourcecode.swift; path = FavoritesListVC.swift; sourceTree = "<group>"; };
		3A36BCFE2435E7C400293F82 /* GFButton.swift */ = {isa = PBXFileReference; lastKnownFileType = sourcecode.swift; path = GFButton.swift; sourceTree = "<group>"; };
		3A36BD002435EAB000293F82 /* GFTextField.swift */ = {isa = PBXFileReference; lastKnownFileType = sourcecode.swift; path = GFTextField.swift; sourceTree = "<group>"; };
		3A36BD022435F8C600293F82 /* FollowerListVC.swift */ = {isa = PBXFileReference; lastKnownFileType = sourcecode.swift; path = FollowerListVC.swift; sourceTree = "<group>"; };
		3A36BD042436009700293F82 /* GFTitleLabel.swift */ = {isa = PBXFileReference; lastKnownFileType = sourcecode.swift; path = GFTitleLabel.swift; sourceTree = "<group>"; };
		3A36BD062436039E00293F82 /* GFBodyLabel.swift */ = {isa = PBXFileReference; lastKnownFileType = sourcecode.swift; path = GFBodyLabel.swift; sourceTree = "<group>"; };
		3A36BD082436048900293F82 /* GFAlertVC.swift */ = {isa = PBXFileReference; lastKnownFileType = sourcecode.swift; path = GFAlertVC.swift; sourceTree = "<group>"; };
		3A36BD0A2436121D00293F82 /* UIViewController+Ext.swift */ = {isa = PBXFileReference; lastKnownFileType = sourcecode.swift; path = "UIViewController+Ext.swift"; sourceTree = "<group>"; };
		3A3DC4E92438D92F0082577D /* FollowerCell.swift */ = {isa = PBXFileReference; lastKnownFileType = sourcecode.swift; path = FollowerCell.swift; sourceTree = "<group>"; };
		3A3DC4EB2438D9DB0082577D /* GFAvatarImageView.swift */ = {isa = PBXFileReference; lastKnownFileType = sourcecode.swift; path = GFAvatarImageView.swift; sourceTree = "<group>"; };
		3A3DC4ED2438F9D30082577D /* UIHelper.swift */ = {isa = PBXFileReference; lastKnownFileType = sourcecode.swift; path = UIHelper.swift; sourceTree = "<group>"; };
		3A3FA30D2437665C00299EE4 /* Follower.swift */ = {isa = PBXFileReference; lastKnownFileType = sourcecode.swift; path = Follower.swift; sourceTree = "<group>"; };
		3A3FA30F2437676300299EE4 /* User.swift */ = {isa = PBXFileReference; lastKnownFileType = sourcecode.swift; path = User.swift; sourceTree = "<group>"; };
		3A3FA31224376E3800299EE4 /* NetworkManager.swift */ = {isa = PBXFileReference; lastKnownFileType = sourcecode.swift; path = NetworkManager.swift; sourceTree = "<group>"; };
		3A3FA31624377C0600299EE4 /* GFError.swift */ = {isa = PBXFileReference; lastKnownFileType = sourcecode.swift; path = GFError.swift; sourceTree = "<group>"; };
		3A71EFBD2444941900A74318 /* GFAlertContainerView.swift */ = {isa = PBXFileReference; lastKnownFileType = sourcecode.swift; path = GFAlertContainerView.swift; sourceTree = "<group>"; };
		3A71EFBF2444A1F000A74318 /* GFDataLoadingVC.swift */ = {isa = PBXFileReference; lastKnownFileType = sourcecode.swift; path = GFDataLoadingVC.swift; sourceTree = "<group>"; };
		3A71EFC12444ACF300A74318 /* UIView+Ext.swift */ = {isa = PBXFileReference; lastKnownFileType = sourcecode.swift; path = "UIView+Ext.swift"; sourceTree = "<group>"; };
		3A71EFC32444BD0600A74318 /* UITableView+Ext.swift */ = {isa = PBXFileReference; lastKnownFileType = sourcecode.swift; path = "UITableView+Ext.swift"; sourceTree = "<group>"; };
		3AB1F7842442F4EA00D14A66 /* GFTabBarController.swift */ = {isa = PBXFileReference; lastKnownFileType = sourcecode.swift; path = GFTabBarController.swift; sourceTree = "<group>"; };
		3AB4960824409EE500D08CA1 /* GFItemInfoVC.swift */ = {isa = PBXFileReference; lastKnownFileType = sourcecode.swift; path = GFItemInfoVC.swift; sourceTree = "<group>"; };
		3AB4960A2440A28400D08CA1 /* GFRepoItemVC.swift */ = {isa = PBXFileReference; lastKnownFileType = sourcecode.swift; path = GFRepoItemVC.swift; sourceTree = "<group>"; };
		3AB4960C2440A78E00D08CA1 /* GFFollowerItemVC.swift */ = {isa = PBXFileReference; lastKnownFileType = sourcecode.swift; path = GFFollowerItemVC.swift; sourceTree = "<group>"; };
		3AB4960F2440AC0000D08CA1 /* Date+Ext.swift */ = {isa = PBXFileReference; lastKnownFileType = sourcecode.swift; path = "Date+Ext.swift"; sourceTree = "<group>"; };
		3AB4962C2441E8A400D08CA1 /* PersistenceManager.swift */ = {isa = PBXFileReference; lastKnownFileType = sourcecode.swift; path = PersistenceManager.swift; sourceTree = "<group>"; };
		3AB4962E2441F41C00D08CA1 /* FavoriteCell.swift */ = {isa = PBXFileReference; lastKnownFileType = sourcecode.swift; path = FavoriteCell.swift; sourceTree = "<group>"; };
		3AD2E3CF243A4435005DA15D /* GFEmptyStateView.swift */ = {isa = PBXFileReference; lastKnownFileType = sourcecode.swift; path = GFEmptyStateView.swift; sourceTree = "<group>"; };
		3AD548C0243F362B0042683B /* UserInfoVC.swift */ = {isa = PBXFileReference; lastKnownFileType = sourcecode.swift; path = UserInfoVC.swift; sourceTree = "<group>"; };
		3AD548C2243F42910042683B /* GFUserInfoHeaderVC.swift */ = {isa = PBXFileReference; lastKnownFileType = sourcecode.swift; path = GFUserInfoHeaderVC.swift; sourceTree = "<group>"; };
		3AD548C4243F43140042683B /* GFSecondaryTitleLabel.swift */ = {isa = PBXFileReference; lastKnownFileType = sourcecode.swift; path = GFSecondaryTitleLabel.swift; sourceTree = "<group>"; };
		3AD548C6243F4E090042683B /* Constants.swift */ = {isa = PBXFileReference; lastKnownFileType = sourcecode.swift; path = Constants.swift; sourceTree = "<group>"; };
		3AD548C8243F6BE00042683B /* GFItemInfoView.swift */ = {isa = PBXFileReference; lastKnownFileType = sourcecode.swift; path = GFItemInfoView.swift; sourceTree = "<group>"; };
/* End PBXFileReference section */

/* Begin PBXFrameworksBuildPhase section */
		3A36BCE02435D78800293F82 /* Frameworks */ = {
			isa = PBXFrameworksBuildPhase;
			buildActionMask = 2147483647;
			files = (
			);
			runOnlyForDeploymentPostprocessing = 0;
		};
/* End PBXFrameworksBuildPhase section */

/* Begin PBXGroup section */
		3A36BCDA2435D78800293F82 = {
			isa = PBXGroup;
			children = (
				3A36BCE52435D78800293F82 /* GHFollowers */,
				3A36BCE42435D78800293F82 /* Products */,
			);
			sourceTree = "<group>";
		};
		3A36BCE42435D78800293F82 /* Products */ = {
			isa = PBXGroup;
			children = (
				3A36BCE32435D78800293F82 /* GHFollowers.app */,
			);
			name = Products;
			sourceTree = "<group>";
		};
		3A36BCE52435D78800293F82 /* GHFollowers */ = {
			isa = PBXGroup;
			children = (
				3A36BD0F243615CD00293F82 /* Support */,
				3A3FA30A2437663E00299EE4 /* Model */,
				3A3FA31124376DF300299EE4 /* Managers */,
				3A36BD0C243614E200293F82 /* Screens */,
				3A36BD0D2436152B00293F82 /* Custom Views */,
				3A36BD0E2436157100293F82 /* Extensions */,
				3A3FA31524377BE700299EE4 /* Utilities */,
			);
			path = GHFollowers;
			sourceTree = "<group>";
		};
		3A36BD0C243614E200293F82 /* Screens */ = {
			isa = PBXGroup;
			children = (
				3A36BCFA2435DE8700293F82 /* SearchVC.swift */,
				3A36BD022435F8C600293F82 /* FollowerListVC.swift */,
				3A36BCFC2435DEC200293F82 /* FavoritesListVC.swift */,
				3AD548C0243F362B0042683B /* UserInfoVC.swift */,
			);
			path = Screens;
			sourceTree = "<group>";
		};
		3A36BD0D2436152B00293F82 /* Custom Views */ = {
			isa = PBXGroup;
			children = (
				3AD2E3CE243A43AF005DA15D /* ViewControllers */,
				3AD2E3CA243A434B005DA15D /* Views */,
				3AB1F7832442F4A800D14A66 /* TabBarControllers */,
				3A3DC4E72438D8C00082577D /* Cells */,
				3AD2E3CD243A439D005DA15D /* ImageViews */,
				3AD2E3CC243A4381005DA15D /* Buttons */,
				3AD2E3CB243A4367005DA15D /* TextFields */,
				3A3DC4E82438D8CF0082577D /* Labels */,
			);
			path = "Custom Views";
			sourceTree = "<group>";
		};
		3A36BD0E2436157100293F82 /* Extensions */ = {
			isa = PBXGroup;
			children = (
				3A36BD0A2436121D00293F82 /* UIViewController+Ext.swift */,
				3AB4960F2440AC0000D08CA1 /* Date+Ext.swift */,
				3A71EFC12444ACF300A74318 /* UIView+Ext.swift */,
				3A71EFC32444BD0600A74318 /* UITableView+Ext.swift */,
			);
			path = Extensions;
			sourceTree = "<group>";
		};
		3A36BD0F243615CD00293F82 /* Support */ = {
			isa = PBXGroup;
			children = (
				3A36BCE62435D78800293F82 /* AppDelegate.swift */,
				3A36BCE82435D78800293F82 /* SceneDelegate.swift */,
				3A36BCEF2435D78E00293F82 /* Assets.xcassets */,
				3A36BCF12435D78E00293F82 /* LaunchScreen.storyboard */,
				3A36BCF42435D78E00293F82 /* Info.plist */,
			);
			path = Support;
			sourceTree = "<group>";
		};
		3A3DC4E72438D8C00082577D /* Cells */ = {
			isa = PBXGroup;
			children = (
				3A3DC4E92438D92F0082577D /* FollowerCell.swift */,
				3AB4962E2441F41C00D08CA1 /* FavoriteCell.swift */,
			);
			path = Cells;
			sourceTree = "<group>";
		};
		3A3DC4E82438D8CF0082577D /* Labels */ = {
			isa = PBXGroup;
			children = (
				3A36BD042436009700293F82 /* GFTitleLabel.swift */,
				3A36BD062436039E00293F82 /* GFBodyLabel.swift */,
				3AD548C4243F43140042683B /* GFSecondaryTitleLabel.swift */,
			);
			path = Labels;
			sourceTree = "<group>";
		};
		3A3FA30A2437663E00299EE4 /* Model */ = {
			isa = PBXGroup;
			children = (
				3A3FA30D2437665C00299EE4 /* Follower.swift */,
				3A3FA30F2437676300299EE4 /* User.swift */,
			);
			path = Model;
			sourceTree = "<group>";
		};
		3A3FA31124376DF300299EE4 /* Managers */ = {
			isa = PBXGroup;
			children = (
				3A3FA31224376E3800299EE4 /* NetworkManager.swift */,
				3AB4962C2441E8A400D08CA1 /* PersistenceManager.swift */,
			);
			path = Managers;
			sourceTree = "<group>";
		};
		3A3FA31524377BE700299EE4 /* Utilities */ = {
			isa = PBXGroup;
			children = (
				3A3FA31624377C0600299EE4 /* GFError.swift */,
				3A3DC4ED2438F9D30082577D /* UIHelper.swift */,
				3AD548C6243F4E090042683B /* Constants.swift */,
			);
			path = Utilities;
			sourceTree = "<group>";
		};
		3AB1F7832442F4A800D14A66 /* TabBarControllers */ = {
			isa = PBXGroup;
			children = (
				3AB1F7842442F4EA00D14A66 /* GFTabBarController.swift */,
			);
			path = TabBarControllers;
			sourceTree = "<group>";
		};
		3AB4960E2440A81300D08CA1 /* ItemInfoVCs */ = {
			isa = PBXGroup;
			children = (
				3AB4960824409EE500D08CA1 /* GFItemInfoVC.swift */,
				3AB4960A2440A28400D08CA1 /* GFRepoItemVC.swift */,
				3AB4960C2440A78E00D08CA1 /* GFFollowerItemVC.swift */,
			);
			path = ItemInfoVCs;
			sourceTree = "<group>";
		};
		3AD2E3CA243A434B005DA15D /* Views */ = {
			isa = PBXGroup;
			children = (
				3AD2E3CF243A4435005DA15D /* GFEmptyStateView.swift */,
				3AD548C8243F6BE00042683B /* GFItemInfoView.swift */,
				3A71EFBD2444941900A74318 /* GFAlertContainerView.swift */,
			);
			path = Views;
			sourceTree = "<group>";
		};
		3AD2E3CB243A4367005DA15D /* TextFields */ = {
			isa = PBXGroup;
			children = (
				3A36BD002435EAB000293F82 /* GFTextField.swift */,
			);
			path = TextFields;
			sourceTree = "<group>";
		};
		3AD2E3CC243A4381005DA15D /* Buttons */ = {
			isa = PBXGroup;
			children = (
				3A36BCFE2435E7C400293F82 /* GFButton.swift */,
			);
			path = Buttons;
			sourceTree = "<group>";
		};
		3AD2E3CD243A439D005DA15D /* ImageViews */ = {
			isa = PBXGroup;
			children = (
				3A3DC4EB2438D9DB0082577D /* GFAvatarImageView.swift */,
			);
			path = ImageViews;
			sourceTree = "<group>";
		};
		3AD2E3CE243A43AF005DA15D /* ViewControllers */ = {
			isa = PBXGroup;
			children = (
				3AB4960E2440A81300D08CA1 /* ItemInfoVCs */,
				3AD548C2243F42910042683B /* GFUserInfoHeaderVC.swift */,
				3A36BD082436048900293F82 /* GFAlertVC.swift */,
				3A71EFBF2444A1F000A74318 /* GFDataLoadingVC.swift */,
			);
			path = ViewControllers;
			sourceTree = "<group>";
		};
/* End PBXGroup section */

/* Begin PBXNativeTarget section */
		3A36BCE22435D78800293F82 /* GHFollowers */ = {
			isa = PBXNativeTarget;
			buildConfigurationList = 3A36BCF72435D78E00293F82 /* Build configuration list for PBXNativeTarget "GHFollowers" */;
			buildPhases = (
				3A36BCDF2435D78800293F82 /* Sources */,
				3A36BCE02435D78800293F82 /* Frameworks */,
				3A36BCE12435D78800293F82 /* Resources */,
			);
			buildRules = (
			);
			dependencies = (
			);
			name = GHFollowers;
			productName = GHFollowers;
			productReference = 3A36BCE32435D78800293F82 /* GHFollowers.app */;
			productType = "com.apple.product-type.application";
		};
/* End PBXNativeTarget section */

/* Begin PBXProject section */
		3A36BCDB2435D78800293F82 /* Project object */ = {
			isa = PBXProject;
			attributes = {
				LastSwiftUpdateCheck = 1140;
				LastUpgradeCheck = 1140;
				ORGANIZATIONNAME = "Can Balkaya";
				TargetAttributes = {
					3A36BCE22435D78800293F82 = {
						CreatedOnToolsVersion = 11.4;
					};
				};
			};
			buildConfigurationList = 3A36BCDE2435D78800293F82 /* Build configuration list for PBXProject "GHFollowers" */;
			compatibilityVersion = "Xcode 9.3";
			developmentRegion = en;
			hasScannedForEncodings = 0;
			knownRegions = (
				en,
				Base,
			);
			mainGroup = 3A36BCDA2435D78800293F82;
			productRefGroup = 3A36BCE42435D78800293F82 /* Products */;
			projectDirPath = "";
			projectRoot = "";
			targets = (
				3A36BCE22435D78800293F82 /* GHFollowers */,
			);
		};
/* End PBXProject section */

/* Begin PBXResourcesBuildPhase section */
		3A36BCE12435D78800293F82 /* Resources */ = {
			isa = PBXResourcesBuildPhase;
			buildActionMask = 2147483647;
			files = (
				3A36BCF32435D78E00293F82 /* LaunchScreen.storyboard in Resources */,
				3A36BCF02435D78E00293F82 /* Assets.xcassets in Resources */,
			);
			runOnlyForDeploymentPostprocessing = 0;
		};
/* End PBXResourcesBuildPhase section */

/* Begin PBXSourcesBuildPhase section */
		3A36BCDF2435D78800293F82 /* Sources */ = {
			isa = PBXSourcesBuildPhase;
			buildActionMask = 2147483647;
			files = (
				3A71EFC22444ACF300A74318 /* UIView+Ext.swift in Sources */,
				3A3FA3102437676300299EE4 /* User.swift in Sources */,
				3A36BD012435EAB000293F82 /* GFTextField.swift in Sources */,
				3A36BCFD2435DEC200293F82 /* FavoritesListVC.swift in Sources */,
				3A36BCFF2435E7C400293F82 /* GFButton.swift in Sources */,
				3A36BD0B2436121D00293F82 /* UIViewController+Ext.swift in Sources */,
				3A3DC4EE2438F9D30082577D /* UIHelper.swift in Sources */,
				3AB4960924409EE500D08CA1 /* GFItemInfoVC.swift in Sources */,
				3AD548C7243F4E090042683B /* Constants.swift in Sources */,
				3A3DC4EC2438D9DB0082577D /* GFAvatarImageView.swift in Sources */,
				3A36BCFB2435DE8700293F82 /* SearchVC.swift in Sources */,
				3A36BD092436048900293F82 /* GFAlertVC.swift in Sources */,
				3AB4960D2440A78E00D08CA1 /* GFFollowerItemVC.swift in Sources */,
				3AD548C9243F6BE00042683B /* GFItemInfoView.swift in Sources */,
				3AB4962F2441F41C00D08CA1 /* FavoriteCell.swift in Sources */,
				3A3DC4EA2438D92F0082577D /* FollowerCell.swift in Sources */,
				3AB1F7852442F4EA00D14A66 /* GFTabBarController.swift in Sources */,
				3A3FA31724377C0600299EE4 /* GFError.swift in Sources */,
				3AD548C3243F42910042683B /* GFUserInfoHeaderVC.swift in Sources */,
				3A36BD072436039E00293F82 /* GFBodyLabel.swift in Sources */,
				3A71EFC02444A1F000A74318 /* GFDataLoadingVC.swift in Sources */,
				3A3FA30E2437665C00299EE4 /* Follower.swift in Sources */,
				3A71EFBE2444941900A74318 /* GFAlertContainerView.swift in Sources */,
				3A36BD052436009700293F82 /* GFTitleLabel.swift in Sources */,
				3AB496102440AC0000D08CA1 /* Date+Ext.swift in Sources */,
				3AB4962D2441E8A400D08CA1 /* PersistenceManager.swift in Sources */,
				3AD548C5243F43140042683B /* GFSecondaryTitleLabel.swift in Sources */,
				3AD2E3D0243A4435005DA15D /* GFEmptyStateView.swift in Sources */,
				3A3FA31324376E3800299EE4 /* NetworkManager.swift in Sources */,
				3A36BD032435F8C600293F82 /* FollowerListVC.swift in Sources */,
				3A36BCE72435D78800293F82 /* AppDelegate.swift in Sources */,
				3A36BCE92435D78800293F82 /* SceneDelegate.swift in Sources */,
				3A71EFC42444BD0600A74318 /* UITableView+Ext.swift in Sources */,
				3AB4960B2440A28400D08CA1 /* GFRepoItemVC.swift in Sources */,
				3AD548C1243F362B0042683B /* UserInfoVC.swift in Sources */,
			);
			runOnlyForDeploymentPostprocessing = 0;
		};
/* End PBXSourcesBuildPhase section */

/* Begin PBXVariantGroup section */
		3A36BCF12435D78E00293F82 /* LaunchScreen.storyboard */ = {
			isa = PBXVariantGroup;
			children = (
				3A36BCF22435D78E00293F82 /* Base */,
			);
			name = LaunchScreen.storyboard;
			sourceTree = "<group>";
		};
/* End PBXVariantGroup section */

/* Begin XCBuildConfiguration section */
		3A36BCF52435D78E00293F82 /* Debug */ = {
			isa = XCBuildConfiguration;
			buildSettings = {
				ALWAYS_SEARCH_USER_PATHS = NO;
				CLANG_ANALYZER_NONNULL = YES;
				CLANG_ANALYZER_NUMBER_OBJECT_CONVERSION = YES_AGGRESSIVE;
				CLANG_CXX_LANGUAGE_STANDARD = "gnu++14";
				CLANG_CXX_LIBRARY = "libc++";
				CLANG_ENABLE_MODULES = YES;
				CLANG_ENABLE_OBJC_ARC = YES;
				CLANG_ENABLE_OBJC_WEAK = YES;
				CLANG_WARN_BLOCK_CAPTURE_AUTORELEASING = YES;
				CLANG_WARN_BOOL_CONVERSION = YES;
				CLANG_WARN_COMMA = YES;
				CLANG_WARN_CONSTANT_CONVERSION = YES;
				CLANG_WARN_DEPRECATED_OBJC_IMPLEMENTATIONS = YES;
				CLANG_WARN_DIRECT_OBJC_ISA_USAGE = YES_ERROR;
				CLANG_WARN_DOCUMENTATION_COMMENTS = YES;
				CLANG_WARN_EMPTY_BODY = YES;
				CLANG_WARN_ENUM_CONVERSION = YES;
				CLANG_WARN_INFINITE_RECURSION = YES;
				CLANG_WARN_INT_CONVERSION = YES;
				CLANG_WARN_NON_LITERAL_NULL_CONVERSION = YES;
				CLANG_WARN_OBJC_IMPLICIT_RETAIN_SELF = YES;
				CLANG_WARN_OBJC_LITERAL_CONVERSION = YES;
				CLANG_WARN_OBJC_ROOT_CLASS = YES_ERROR;
				CLANG_WARN_RANGE_LOOP_ANALYSIS = YES;
				CLANG_WARN_STRICT_PROTOTYPES = YES;
				CLANG_WARN_SUSPICIOUS_MOVE = YES;
				CLANG_WARN_UNGUARDED_AVAILABILITY = YES_AGGRESSIVE;
				CLANG_WARN_UNREACHABLE_CODE = YES;
				CLANG_WARN__DUPLICATE_METHOD_MATCH = YES;
				COPY_PHASE_STRIP = NO;
				DEBUG_INFORMATION_FORMAT = dwarf;
				ENABLE_STRICT_OBJC_MSGSEND = YES;
				ENABLE_TESTABILITY = YES;
				GCC_C_LANGUAGE_STANDARD = gnu11;
				GCC_DYNAMIC_NO_PIC = NO;
				GCC_NO_COMMON_BLOCKS = YES;
				GCC_OPTIMIZATION_LEVEL = 0;
				GCC_PREPROCESSOR_DEFINITIONS = (
					"DEBUG=1",
					"$(inherited)",
				);
				GCC_WARN_64_TO_32_BIT_CONVERSION = YES;
				GCC_WARN_ABOUT_RETURN_TYPE = YES_ERROR;
				GCC_WARN_UNDECLARED_SELECTOR = YES;
				GCC_WARN_UNINITIALIZED_AUTOS = YES_AGGRESSIVE;
				GCC_WARN_UNUSED_FUNCTION = YES;
				GCC_WARN_UNUSED_VARIABLE = YES;
				IPHONEOS_DEPLOYMENT_TARGET = 13.4;
				MTL_ENABLE_DEBUG_INFO = INCLUDE_SOURCE;
				MTL_FAST_MATH = YES;
				ONLY_ACTIVE_ARCH = YES;
				SDKROOT = iphoneos;
				SWIFT_ACTIVE_COMPILATION_CONDITIONS = DEBUG;
				SWIFT_OPTIMIZATION_LEVEL = "-Onone";
			};
			name = Debug;
		};
		3A36BCF62435D78E00293F82 /* Release */ = {
			isa = XCBuildConfiguration;
			buildSettings = {
				ALWAYS_SEARCH_USER_PATHS = NO;
				CLANG_ANALYZER_NONNULL = YES;
				CLANG_ANALYZER_NUMBER_OBJECT_CONVERSION = YES_AGGRESSIVE;
				CLANG_CXX_LANGUAGE_STANDARD = "gnu++14";
				CLANG_CXX_LIBRARY = "libc++";
				CLANG_ENABLE_MODULES = YES;
				CLANG_ENABLE_OBJC_ARC = YES;
				CLANG_ENABLE_OBJC_WEAK = YES;
				CLANG_WARN_BLOCK_CAPTURE_AUTORELEASING = YES;
				CLANG_WARN_BOOL_CONVERSION = YES;
				CLANG_WARN_COMMA = YES;
				CLANG_WARN_CONSTANT_CONVERSION = YES;
				CLANG_WARN_DEPRECATED_OBJC_IMPLEMENTATIONS = YES;
				CLANG_WARN_DIRECT_OBJC_ISA_USAGE = YES_ERROR;
				CLANG_WARN_DOCUMENTATION_COMMENTS = YES;
				CLANG_WARN_EMPTY_BODY = YES;
				CLANG_WARN_ENUM_CONVERSION = YES;
				CLANG_WARN_INFINITE_RECURSION = YES;
				CLANG_WARN_INT_CONVERSION = YES;
				CLANG_WARN_NON_LITERAL_NULL_CONVERSION = YES;
				CLANG_WARN_OBJC_IMPLICIT_RETAIN_SELF = YES;
				CLANG_WARN_OBJC_LITERAL_CONVERSION = YES;
				CLANG_WARN_OBJC_ROOT_CLASS = YES_ERROR;
				CLANG_WARN_RANGE_LOOP_ANALYSIS = YES;
				CLANG_WARN_STRICT_PROTOTYPES = YES;
				CLANG_WARN_SUSPICIOUS_MOVE = YES;
				CLANG_WARN_UNGUARDED_AVAILABILITY = YES_AGGRESSIVE;
				CLANG_WARN_UNREACHABLE_CODE = YES;
				CLANG_WARN__DUPLICATE_METHOD_MATCH = YES;
				COPY_PHASE_STRIP = NO;
				DEBUG_INFORMATION_FORMAT = "dwarf-with-dsym";
				ENABLE_NS_ASSERTIONS = NO;
				ENABLE_STRICT_OBJC_MSGSEND = YES;
				GCC_C_LANGUAGE_STANDARD = gnu11;
				GCC_NO_COMMON_BLOCKS = YES;
				GCC_WARN_64_TO_32_BIT_CONVERSION = YES;
				GCC_WARN_ABOUT_RETURN_TYPE = YES_ERROR;
				GCC_WARN_UNDECLARED_SELECTOR = YES;
				GCC_WARN_UNINITIALIZED_AUTOS = YES_AGGRESSIVE;
				GCC_WARN_UNUSED_FUNCTION = YES;
				GCC_WARN_UNUSED_VARIABLE = YES;
				IPHONEOS_DEPLOYMENT_TARGET = 13.4;
				MTL_ENABLE_DEBUG_INFO = NO;
				MTL_FAST_MATH = YES;
				SDKROOT = iphoneos;
				SWIFT_COMPILATION_MODE = wholemodule;
				SWIFT_OPTIMIZATION_LEVEL = "-O";
				VALIDATE_PRODUCT = YES;
			};
			name = Release;
		};
		3A36BCF82435D78E00293F82 /* Debug */ = {
			isa = XCBuildConfiguration;
			buildSettings = {
				ASSETCATALOG_COMPILER_APPICON_NAME = AppIcon;
				CODE_SIGN_STYLE = Automatic;
				DEVELOPMENT_TEAM = 84X92G2X4P;
				INFOPLIST_FILE = GHFollowers/Support/Info.plist;
				LD_RUNPATH_SEARCH_PATHS = (
					"$(inherited)",
					"@executable_path/Frameworks",
				);
				MARKETING_VERSION = 1.1;
				PRODUCT_BUNDLE_IDENTIFIER = CanBalkaya.GHFollowers;
				PRODUCT_NAME = "$(TARGET_NAME)";
				SWIFT_VERSION = 5.0;
				TARGETED_DEVICE_FAMILY = 1;
			};
			name = Debug;
		};
		3A36BCF92435D78E00293F82 /* Release */ = {
			isa = XCBuildConfiguration;
			buildSettings = {
				ASSETCATALOG_COMPILER_APPICON_NAME = AppIcon;
				CODE_SIGN_STYLE = Automatic;
				DEVELOPMENT_TEAM = 84X92G2X4P;
				INFOPLIST_FILE = GHFollowers/Support/Info.plist;
				LD_RUNPATH_SEARCH_PATHS = (
					"$(inherited)",
					"@executable_path/Frameworks",
				);
				MARKETING_VERSION = 1.1;
				PRODUCT_BUNDLE_IDENTIFIER = CanBalkaya.GHFollowers;
				PRODUCT_NAME = "$(TARGET_NAME)";
				SWIFT_VERSION = 5.0;
				TARGETED_DEVICE_FAMILY = 1;
			};
			name = Release;
		};
/* End XCBuildConfiguration section */

/* Begin XCConfigurationList section */
		3A36BCDE2435D78800293F82 /* Build configuration list for PBXProject "GHFollowers" */ = {
			isa = XCConfigurationList;
			buildConfigurations = (
				3A36BCF52435D78E00293F82 /* Debug */,
				3A36BCF62435D78E00293F82 /* Release */,
			);
			defaultConfigurationIsVisible = 0;
			defaultConfigurationName = Release;
		};
		3A36BCF72435D78E00293F82 /* Build configuration list for PBXNativeTarget "GHFollowers" */ = {
			isa = XCConfigurationList;
			buildConfigurations = (
				3A36BCF82435D78E00293F82 /* Debug */,
				3A36BCF92435D78E00293F82 /* Release */,
			);
			defaultConfigurationIsVisible = 0;
			defaultConfigurationName = Release;
		};
/* End XCConfigurationList section */
	};
	rootObject = 3A36BCDB2435D78800293F82 /* Project object */;
}
